Microsoft Visual Studio Solution File, Format Version 11.00
# Visual Studio 2008

Project("{7325D1DA-AEF4-3F68-5392-825E1C920855}") = "UnityMoba", "Assembly-CSharp-firstpass.csproj", "{B926872A-F3AF-712A-459D-9D8D925DA61A}"
EndProject
Project("{7325D1DA-AEF4-3F68-5392-825E1C920855}") = "UnityMoba", "Assembly-CSharp.csproj", "{1FC4325A-015B-E124-052C-697C8F6A60ED}"
EndProject
Project("{7325D1DA-AEF4-3F68-5392-825E1C920855}") = "UnityMoba", "Assembly-CSharp-Editor.csproj", "{9D1C24BE-AADA-141C-A826-ABACC0838888}"
EndProject
Project("{7325D1DA-AEF4-3F68-5392-825E1C920855}") = "UnityMoba", "Assembly-Boo-Editor.booproj", "{4DD998BD-D3A0-0E56-EFE9-D3BEC0CB5073}"
EndProject
Project("{7325D1DA-AEF4-3F68-5392-825E1C920855}") = "UnityMoba", "Assembly-UnityScript-firstpass.unityproj", "{59F80C97-89D2-F8BE-21D9-E1FCA98E5751}"
EndProject
Project("{7325D1DA-AEF4-3F68-5392-825E1C920855}") = "UnityMoba", "Assembly-UnityScript.unityproj", "{B1315F94-0886-37FD-469F-E00FC3630581}"
EndProject
Project("{7325D1DA-AEF4-3F68-5392-825E1C920855}") = "UnityMoba", "Assembly-UnityScript-Editor.unityproj", "{B198A562-786D-C9C9-D2A0-E7556AFC8F76}"
EndProject
Global
	GlobalSection(SolutionConfigurationPlatforms) = preSolution
		Debug|Any CPU = Debug|Any CPU
		Release|Any CPU = Release|Any CPU
	EndGlobalSection
	GlobalSection(ProjectConfigurationPlatforms) = postSolution
		{B926872A-F3AF-712A-459D-9D8D925DA61A}.Debug|Any CPU.ActiveCfg = Debug|Any CPU
		{B926872A-F3AF-712A-459D-9D8D925DA61A}.Debug|Any CPU.Build.0 = Debug|Any CPU
		{B926872A-F3AF-712A-459D-9D8D925DA61A}.Release|Any CPU.ActiveCfg = Release|Any CPU
		{B926872A-F3AF-712A-459D-9D8D925DA61A}.Release|Any CPU.Build.0 = Release|Any CPU
		{1FC4325A-015B-E124-052C-697C8F6A60ED}.Debug|Any CPU.ActiveCfg = Debug|Any CPU
		{1FC4325A-015B-E124-052C-697C8F6A60ED}.Debug|Any CPU.Build.0 = Debug|Any CPU
		{1FC4325A-015B-E124-052C-697C8F6A60ED}.Release|Any CPU.ActiveCfg = Release|Any CPU
		{1FC4325A-015B-E124-052C-697C8F6A60ED}.Release|Any CPU.Build.0 = Release|Any CPU
		{9D1C24BE-AADA-141C-A826-ABACC0838888}.Debug|Any CPU.ActiveCfg = Debug|Any CPU
		{9D1C24BE-AADA-141C-A826-ABACC0838888}.Debug|Any CPU.Build.0 = Debug|Any CPU
		{9D1C24BE-AADA-141C-A826-ABACC0838888}.Release|Any CPU.ActiveCfg = Release|Any CPU
		{9D1C24BE-AADA-141C-A826-ABACC0838888}.Release|Any CPU.Build.0 = Release|Any CPU
		{4DD998BD-D3A0-0E56-EFE9-D3BEC0CB5073}.Debug|Any CPU.ActiveCfg = Debug|Any CPU
		{4DD998BD-D3A0-0E56-EFE9-D3BEC0CB5073}.Debug|Any CPU.Build.0 = Debug|Any CPU
		{4DD998BD-D3A0-0E56-EFE9-D3BEC0CB5073}.Release|Any CPU.ActiveCfg = Release|Any CPU
		{4DD998BD-D3A0-0E56-EFE9-D3BEC0CB5073}.Release|Any CPU.Build.0 = Release|Any CPU
		{59F80C97-89D2-F8BE-21D9-E1FCA98E5751}.Debug|Any CPU.ActiveCfg = Debug|Any CPU
		{59F80C97-89D2-F8BE-21D9-E1FCA98E5751}.Debug|Any CPU.Build.0 = Debug|Any CPU
		{59F80C97-89D2-F8BE-21D9-E1FCA98E5751}.Release|Any CPU.ActiveCfg = Release|Any CPU
		{59F80C97-89D2-F8BE-21D9-E1FCA98E5751}.Release|Any CPU.Build.0 = Release|Any CPU
		{B1315F94-0886-37FD-469F-E00FC3630581}.Debug|Any CPU.ActiveCfg = Debug|Any CPU
		{B1315F94-0886-37FD-469F-E00FC3630581}.Debug|Any CPU.Build.0 = Debug|Any CPU
		{B1315F94-0886-37FD-469F-E00FC3630581}.Release|Any CPU.ActiveCfg = Release|Any CPU
		{B1315F94-0886-37FD-469F-E00FC3630581}.Release|Any CPU.Build.0 = Release|Any CPU
		{B198A562-786D-C9C9-D2A0-E7556AFC8F76}.Debug|Any CPU.ActiveCfg = Debug|Any CPU
		{B198A562-786D-C9C9-D2A0-E7556AFC8F76}.Debug|Any CPU.Build.0 = Debug|Any CPU
		{B198A562-786D-C9C9-D2A0-E7556AFC8F76}.Release|Any CPU.ActiveCfg = Release|Any CPU
		{B198A562-786D-C9C9-D2A0-E7556AFC8F76}.Release|Any CPU.Build.0 = Release|Any CPU
	EndGlobalSection
	GlobalSection(SolutionProperties) = preSolution
		HideSolutionNode = FALSE
	EndGlobalSection
										GlobalSection(MonoDevelopProperties) = preSolution
		StartupItem = Assembly-CSharp.csproj
		Policies = $0
		$0.TextStylePolicy = $1
		$1.inheritsSet = null
		$1.scope = text/x-csharp
		$0.CSharpFormattingPolicy = $2
		$2.inheritsSet = Mono
		$2.inheritsScope = text/x-csharp
		$2.scope = text/x-csharp
		$0.TextStylePolicy = $3
		$3.FileWidth = 120
		$3.TabWidth = 4
		$3.EolMarker = Unix
		$3.inheritsSet = Mono
		$3.inheritsScope = text/plain
		$3.scope = text/plain
	EndGlobalSection

EndGlobal
